// !$*UTF8*$!
{
	archiveVersion = 1;
	classes = {
	};
	objectVersion = 55;
	objects = {

/* Begin PBXBuildFile section */
		A558CCBC280062D700F47912 /* AppDelegate.swift in Sources */ = {isa = PBXBuildFile; fileRef = A558CCBB280062D700F47912 /* AppDelegate.swift */; };
		A558CCBE280062D700F47912 /* SceneDelegate.swift in Sources */ = {isa = PBXBuildFile; fileRef = A558CCBD280062D700F47912 /* SceneDelegate.swift */; };
		A558CCC5280062D900F47912 /* Assets.xcassets in Resources */ = {isa = PBXBuildFile; fileRef = A558CCC4280062D900F47912 /* Assets.xcassets */; };
		A558CCC8280062D900F47912 /* LaunchScreen.storyboard in Resources */ = {isa = PBXBuildFile; fileRef = A558CCC6280062D900F47912 /* LaunchScreen.storyboard */; };
		A558CCD72800637100F47912 /* CoinModel.swift in Sources */ = {isa = PBXBuildFile; fileRef = A558CCD62800637100F47912 /* CoinModel.swift */; };
		A558CCD92800638600F47912 /* CoinResponse.swift in Sources */ = {isa = PBXBuildFile; fileRef = A558CCD82800638600F47912 /* CoinResponse.swift */; };
		A558CCDF280063BE00F47912 /* HomeViewController.swift in Sources */ = {isa = PBXBuildFile; fileRef = A558CCDE280063BE00F47912 /* HomeViewController.swift */; };
		A558CCE1280063E000F47912 /* HomeView.swift in Sources */ = {isa = PBXBuildFile; fileRef = A558CCE0280063E000F47912 /* HomeView.swift */; };
		A558CCE3280064DC00F47912 /* CoinNetworking.swift in Sources */ = {isa = PBXBuildFile; fileRef = A558CCE2280064DC00F47912 /* CoinNetworking.swift */; };
		A558CCE52800658500F47912 /* PinView.swift in Sources */ = {isa = PBXBuildFile; fileRef = A558CCE42800658500F47912 /* PinView.swift */; };
/* End PBXBuildFile section */

/* Begin PBXFileReference section */
		A558CCB8280062D700F47912 /* coincat.app */ = {isa = PBXFileReference; explicitFileType = wrapper.application; includeInIndex = 0; path = coincat.app; sourceTree = BUILT_PRODUCTS_DIR; };
		A558CCBB280062D700F47912 /* AppDelegate.swift */ = {isa = PBXFileReference; lastKnownFileType = sourcecode.swift; path = AppDelegate.swift; sourceTree = "<group>"; };
		A558CCBD280062D700F47912 /* SceneDelegate.swift */ = {isa = PBXFileReference; lastKnownFileType = sourcecode.swift; path = SceneDelegate.swift; sourceTree = "<group>"; };
		A558CCC4280062D900F47912 /* Assets.xcassets */ = {isa = PBXFileReference; lastKnownFileType = folder.assetcatalog; path = Assets.xcassets; sourceTree = "<group>"; };
		A558CCC7280062D900F47912 /* Base */ = {isa = PBXFileReference; lastKnownFileType = file.storyboard; name = Base; path = Base.lproj/LaunchScreen.storyboard; sourceTree = "<group>"; };
		A558CCC9280062D900F47912 /* Info.plist */ = {isa = PBXFileReference; lastKnownFileType = text.plist.xml; path = Info.plist; sourceTree = "<group>"; };
		A558CCD62800637100F47912 /* CoinModel.swift */ = {isa = PBXFileReference; lastKnownFileType = sourcecode.swift; path = CoinModel.swift; sourceTree = "<group>"; };
		A558CCD82800638600F47912 /* CoinResponse.swift */ = {isa = PBXFileReference; lastKnownFileType = sourcecode.swift; path = CoinResponse.swift; sourceTree = "<group>"; };
		A558CCDE280063BE00F47912 /* HomeViewController.swift */ = {isa = PBXFileReference; lastKnownFileType = sourcecode.swift; path = HomeViewController.swift; sourceTree = "<group>"; };
		A558CCE0280063E000F47912 /* HomeView.swift */ = {isa = PBXFileReference; lastKnownFileType = sourcecode.swift; path = HomeView.swift; sourceTree = "<group>"; };
		A558CCE2280064DC00F47912 /* CoinNetworking.swift */ = {isa = PBXFileReference; lastKnownFileType = sourcecode.swift; path = CoinNetworking.swift; sourceTree = "<group>"; };
		A558CCE42800658500F47912 /* PinView.swift */ = {isa = PBXFileReference; lastKnownFileType = sourcecode.swift; path = PinView.swift; sourceTree = "<group>"; };
/* End PBXFileReference section */

/* Begin PBXFrameworksBuildPhase section */
		A558CCB5280062D700F47912 /* Frameworks */ = {
			isa = PBXFrameworksBuildPhase;
			buildActionMask = 2147483647;
			files = (
			);
			runOnlyForDeploymentPostprocessing = 0;
		};
/* End PBXFrameworksBuildPhase section */

/* Begin PBXGroup section */
		A558CCAF280062D700F47912 = {
			isa = PBXGroup;
			children = (
				A558CCBA280062D700F47912 /* coincat */,
				A558CCB9280062D700F47912 /* Products */,
			);
			sourceTree = "<group>";
		};
		A558CCB9280062D700F47912 /* Products */ = {
			isa = PBXGroup;
			children = (
				A558CCB8280062D700F47912 /* coincat.app */,
			);
			name = Products;
			sourceTree = "<group>";
		};
		A558CCBA280062D700F47912 /* coincat */ = {
			isa = PBXGroup;
			children = (
				A558CCD32800634200F47912 /* Model */,
				A558CCD22800633E00F47912 /* View */,
				A558CCD12800633A00F47912 /* Controller */,
				A558CCD02800633300F47912 /* Service */,
				A558CCD42800634700F47912 /* Extensions */,
				A558CCCF2800632800F47912 /* AppDelegate */,
				A558CCC4280062D900F47912 /* Assets.xcassets */,
				A558CCC9280062D900F47912 /* Info.plist */,
			);
			path = coincat;
			sourceTree = "<group>";
		};
		A558CCCF2800632800F47912 /* AppDelegate */ = {
			isa = PBXGroup;
			children = (
				A558CCBB280062D700F47912 /* AppDelegate.swift */,
				A558CCBD280062D700F47912 /* SceneDelegate.swift */,
			);
			path = AppDelegate;
			sourceTree = "<group>";
		};
		A558CCD02800633300F47912 /* Service */ = {
			isa = PBXGroup;
			children = (
				A558CCE2280064DC00F47912 /* CoinNetworking.swift */,
			);
			path = Service;
			sourceTree = "<group>";
		};
		A558CCD12800633A00F47912 /* Controller */ = {
			isa = PBXGroup;
			children = (
				A558CCDC280063AD00F47912 /* Home */,
			);
			path = Controller;
			sourceTree = "<group>";
		};
		A558CCD22800633E00F47912 /* View */ = {
			isa = PBXGroup;
			children = (
				A558CCDB2800639800F47912 /* LaunchScreen */,
				A558CCDA2800639300F47912 /* Home */,
			);
			path = View;
			sourceTree = "<group>";
		};
		A558CCD32800634200F47912 /* Model */ = {
			isa = PBXGroup;
			children = (
				A558CCD62800637100F47912 /* CoinModel.swift */,
				A558CCD82800638600F47912 /* CoinResponse.swift */,
			);
			path = Model;
			sourceTree = "<group>";
		};
		A558CCD42800634700F47912 /* Extensions */ = {
			isa = PBXGroup;
			children = (
				A558CCE42800658500F47912 /* PinView.swift */,
			);
			path = Extensions;
			sourceTree = "<group>";
		};
		A558CCDA2800639300F47912 /* Home */ = {
			isa = PBXGroup;
			children = (
				A558CCE0280063E000F47912 /* HomeView.swift */,
			);
			path = Home;
			sourceTree = "<group>";
		};
		A558CCDB2800639800F47912 /* LaunchScreen */ = {
			isa = PBXGroup;
			children = (
				A558CCC6280062D900F47912 /* LaunchScreen.storyboard */,
			);
			path = LaunchScreen;
			sourceTree = "<group>";
		};
		A558CCDC280063AD00F47912 /* Home */ = {
			isa = PBXGroup;
			children = (
				A558CCDE280063BE00F47912 /* HomeViewController.swift */,
			);
			path = Home;
			sourceTree = "<group>";
		};
/* End PBXGroup section */

/* Begin PBXNativeTarget section */
		A558CCB7280062D700F47912 /* coincat */ = {
			isa = PBXNativeTarget;
			buildConfigurationList = A558CCCC280062D900F47912 /* Build configuration list for PBXNativeTarget "coincat" */;
			buildPhases = (
				A558CCB4280062D700F47912 /* Sources */,
				A558CCB5280062D700F47912 /* Frameworks */,
				A558CCB6280062D700F47912 /* Resources */,
			);
			buildRules = (
			);
			dependencies = (
			);
			name = coincat;
			productName = coincat;
			productReference = A558CCB8280062D700F47912 /* coincat.app */;
			productType = "com.apple.product-type.application";
		};
/* End PBXNativeTarget section */

/* Begin PBXProject section */
		A558CCB0280062D700F47912 /* Project object */ = {
			isa = PBXProject;
			attributes = {
				BuildIndependentTargetsInParallel = 1;
				LastSwiftUpdateCheck = 1330;
				LastUpgradeCheck = 1330;
				TargetAttributes = {
					A558CCB7280062D700F47912 = {
						CreatedOnToolsVersion = 13.3;
					};
				};
			};
			buildConfigurationList = A558CCB3280062D700F47912 /* Build configuration list for PBXProject "coincat" */;
			compatibilityVersion = "Xcode 13.0";
			developmentRegion = en;
			hasScannedForEncodings = 0;
			knownRegions = (
				en,
				Base,
			);
			mainGroup = A558CCAF280062D700F47912;
			productRefGroup = A558CCB9280062D700F47912 /* Products */;
			projectDirPath = "";
			projectRoot = "";
			targets = (
				A558CCB7280062D700F47912 /* coincat */,
			);
		};
/* End PBXProject section */

/* Begin PBXResourcesBuildPhase section */
		A558CCB6280062D700F47912 /* Resources */ = {
			isa = PBXResourcesBuildPhase;
			buildActionMask = 2147483647;
			files = (
				A558CCC8280062D900F47912 /* LaunchScreen.storyboard in Resources */,
				A558CCC5280062D900F47912 /* Assets.xcassets in Resources */,
			);
			runOnlyForDeploymentPostprocessing = 0;
		};
/* End PBXResourcesBuildPhase section */

/* Begin PBXSourcesBuildPhase section */
		A558CCB4280062D700F47912 /* Sources */ = {
			isa = PBXSourcesBuildPhase;
			buildActionMask = 2147483647;
			files = (
				A558CCD72800637100F47912 /* CoinModel.swift in Sources */,
				A558CCE1280063E000F47912 /* HomeView.swift in Sources */,
				A558CCE52800658500F47912 /* PinView.swift in Sources */,
				A558CCBC280062D700F47912 /* AppDelegate.swift in Sources */,
				A558CCBE280062D700F47912 /* SceneDelegate.swift in Sources */,
				A558CCD92800638600F47912 /* CoinResponse.swift in Sources */,
				A558CCE3280064DC00F47912 /* CoinNetworking.swift in Sources */,
				A558CCDF280063BE00F47912 /* HomeViewController.swift in Sources */,
			);
			runOnlyForDeploymentPostprocessing = 0;
		};
/* End PBXSourcesBuildPhase section */

/* Begin PBXVariantGroup section */
		A558CCC6280062D900F47912 /* LaunchScreen.storyboard */ = {
			isa = PBXVariantGroup;
			children = (
				A558CCC7280062D900F47912 /* Base */,
			);
			name = LaunchScreen.storyboard;
			sourceTree = "<group>";
		};
/* End PBXVariantGroup section */

/* Begin XCBuildConfiguration section */
		A558CCCA280062D900F47912 /* Debug */ = {
			isa = XCBuildConfiguration;
			buildSettings = {
				ALWAYS_SEARCH_USER_PATHS = NO;
				CLANG_ANALYZER_NONNULL = YES;
				CLANG_ANALYZER_NUMBER_OBJECT_CONVERSION = YES_AGGRESSIVE;
				CLANG_CXX_LANGUAGE_STANDARD = "gnu++17";
				CLANG_ENABLE_MODULES = YES;
				CLANG_ENABLE_OBJC_ARC = YES;
				CLANG_ENABLE_OBJC_WEAK = YES;
				CLANG_WARN_BLOCK_CAPTURE_AUTORELEASING = YES;
				CLANG_WARN_BOOL_CONVERSION = YES;
				CLANG_WARN_COMMA = YES;
				CLANG_WARN_CONSTANT_CONVERSION = YES;
				CLANG_WARN_DEPRECATED_OBJC_IMPLEMENTATIONS = YES;
				CLANG_WARN_DIRECT_OBJC_ISA_USAGE = YES_ERROR;
				CLANG_WARN_DOCUMENTATION_COMMENTS = YES;
				CLANG_WARN_EMPTY_BODY = YES;
				CLANG_WARN_ENUM_CONVERSION = YES;
				CLANG_WARN_INFINITE_RECURSION = YES;
				CLANG_WARN_INT_CONVERSION = YES;
				CLANG_WARN_NON_LITERAL_NULL_CONVERSION = YES;
				CLANG_WARN_OBJC_IMPLICIT_RETAIN_SELF = YES;
				CLANG_WARN_OBJC_LITERAL_CONVERSION = YES;
				CLANG_WARN_OBJC_ROOT_CLASS = YES_ERROR;
				CLANG_WARN_QUOTED_INCLUDE_IN_FRAMEWORK_HEADER = YES;
				CLANG_WARN_RANGE_LOOP_ANALYSIS = YES;
				CLANG_WARN_STRICT_PROTOTYPES = YES;
				CLANG_WARN_SUSPICIOUS_MOVE = YES;
				CLANG_WARN_UNGUARDED_AVAILABILITY = YES_AGGRESSIVE;
				CLANG_WARN_UNREACHABLE_CODE = YES;
				CLANG_WARN__DUPLICATE_METHOD_MATCH = YES;
				COPY_PHASE_STRIP = NO;
				DEBUG_INFORMATION_FORMAT = dwarf;
				ENABLE_STRICT_OBJC_MSGSEND = YES;
				ENABLE_TESTABILITY = YES;
				GCC_C_LANGUAGE_STANDARD = gnu11;
				GCC_DYNAMIC_NO_PIC = NO;
				GCC_NO_COMMON_BLOCKS = YES;
				GCC_OPTIMIZATION_LEVEL = 0;
				GCC_PREPROCESSOR_DEFINITIONS = (
					"DEBUG=1",
					"$(inherited)",
				);
				GCC_WARN_64_TO_32_BIT_CONVERSION = YES;
				GCC_WARN_ABOUT_RETURN_TYPE = YES_ERROR;
				GCC_WARN_UNDECLARED_SELECTOR = YES;
				GCC_WARN_UNINITIALIZED_AUTOS = YES_AGGRESSIVE;
				GCC_WARN_UNUSED_FUNCTION = YES;
				GCC_WARN_UNUSED_VARIABLE = YES;
				IPHONEOS_DEPLOYMENT_TARGET = 15.4;
				MTL_ENABLE_DEBUG_INFO = INCLUDE_SOURCE;
				MTL_FAST_MATH = YES;
				ONLY_ACTIVE_ARCH = YES;
				SDKROOT = iphoneos;
				SWIFT_ACTIVE_COMPILATION_CONDITIONS = DEBUG;
				SWIFT_OPTIMIZATION_LEVEL = "-Onone";
			};
			name = Debug;
		};
		A558CCCB280062D900F47912 /* Release */ = {
			isa = XCBuildConfiguration;
			buildSettings = {
				ALWAYS_SEARCH_USER_PATHS = NO;
				CLANG_ANALYZER_NONNULL = YES;
				CLANG_ANALYZER_NUMBER_OBJECT_CONVERSION = YES_AGGRESSIVE;
				CLANG_CXX_LANGUAGE_STANDARD = "gnu++17";
				CLANG_ENABLE_MODULES = YES;
				CLANG_ENABLE_OBJC_ARC = YES;
				CLANG_ENABLE_OBJC_WEAK = YES;
				CLANG_WARN_BLOCK_CAPTURE_AUTORELEASING = YES;
				CLANG_WARN_BOOL_CONVERSION = YES;
				CLANG_WARN_COMMA = YES;
				CLANG_WARN_CONSTANT_CONVERSION = YES;
				CLANG_WARN_DEPRECATED_OBJC_IMPLEMENTATIONS = YES;
				CLANG_WARN_DIRECT_OBJC_ISA_USAGE = YES_ERROR;
				CLANG_WARN_DOCUMENTATION_COMMENTS = YES;
				CLANG_WARN_EMPTY_BODY = YES;
				CLANG_WARN_ENUM_CONVERSION = YES;
				CLANG_WARN_INFINITE_RECURSION = YES;
				CLANG_WARN_INT_CONVERSION = YES;
				CLANG_WARN_NON_LITERAL_NULL_CONVERSION = YES;
				CLANG_WARN_OBJC_IMPLICIT_RETAIN_SELF = YES;
				CLANG_WARN_OBJC_LITERAL_CONVERSION = YES;
				CLANG_WARN_OBJC_ROOT_CLASS = YES_ERROR;
				CLANG_WARN_QUOTED_INCLUDE_IN_FRAMEWORK_HEADER = YES;
				CLANG_WARN_RANGE_LOOP_ANALYSIS = YES;
				CLANG_WARN_STRICT_PROTOTYPES = YES;
				CLANG_WARN_SUSPICIOUS_MOVE = YES;
				CLANG_WARN_UNGUARDED_AVAILABILITY = YES_AGGRESSIVE;
				CLANG_WARN_UNREACHABLE_CODE = YES;
				CLANG_WARN__DUPLICATE_METHOD_MATCH = YES;
				COPY_PHASE_STRIP = NO;
				DEBUG_INFORMATION_FORMAT = "dwarf-with-dsym";
				ENABLE_NS_ASSERTIONS = NO;
				ENABLE_STRICT_OBJC_MSGSEND = YES;
				GCC_C_LANGUAGE_STANDARD = gnu11;
				GCC_NO_COMMON_BLOCKS = YES;
				GCC_WARN_64_TO_32_BIT_CONVERSION = YES;
				GCC_WARN_ABOUT_RETURN_TYPE = YES_ERROR;
				GCC_WARN_UNDECLARED_SELECTOR = YES;
				GCC_WARN_UNINITIALIZED_AUTOS = YES_AGGRESSIVE;
				GCC_WARN_UNUSED_FUNCTION = YES;
				GCC_WARN_UNUSED_VARIABLE = YES;
				IPHONEOS_DEPLOYMENT_TARGET = 15.4;
				MTL_ENABLE_DEBUG_INFO = NO;
				MTL_FAST_MATH = YES;
				SDKROOT = iphoneos;
				SWIFT_COMPILATION_MODE = wholemodule;
				SWIFT_OPTIMIZATION_LEVEL = "-O";
				VALIDATE_PRODUCT = YES;
			};
			name = Release;
		};
		A558CCCD280062D900F47912 /* Debug */ = {
			isa = XCBuildConfiguration;
			buildSettings = {
				ASSETCATALOG_COMPILER_APPICON_NAME = AppIcon;
				ASSETCATALOG_COMPILER_GLOBAL_ACCENT_COLOR_NAME = AccentColor;
				CODE_SIGN_STYLE = Automatic;
				CURRENT_PROJECT_VERSION = 1;
				DEVELOPMENT_TEAM = 3N29W8N95Z;
				GENERATE_INFOPLIST_FILE = YES;
				INFOPLIST_FILE = coincat/Info.plist;
				INFOPLIST_KEY_CFBundleDisplayName = CoinCat;
				INFOPLIST_KEY_UIApplicationSupportsIndirectInputEvents = YES;
				INFOPLIST_KEY_UILaunchStoryboardName = LaunchScreen;
				INFOPLIST_KEY_UISupportedInterfaceOrientations = UIInterfaceOrientationPortrait;
				INFOPLIST_KEY_UISupportedInterfaceOrientations_iPad = "UIInterfaceOrientationPortrait UIInterfaceOrientationPortraitUpsideDown UIInterfaceOrientationLandscapeLeft UIInterfaceOrientationLandscapeRight";
				INFOPLIST_KEY_UISupportedInterfaceOrientations_iPhone = "UIInterfaceOrientationPortrait UIInterfaceOrientationLandscapeLeft UIInterfaceOrientationLandscapeRight";
				LD_RUNPATH_SEARCH_PATHS = (
					"$(inherited)",
					"@executable_path/Frameworks",
				);
				MARKETING_VERSION = 1.0;
				PRODUCT_BUNDLE_IDENTIFIER = douglasbiagigrana.coincat;
				PRODUCT_NAME = "$(TARGET_NAME)";
				SWIFT_EMIT_LOC_STRINGS = YES;
				SWIFT_VERSION = 5.0;
				TARGETED_DEVICE_FAMILY = 1;
			};
			name = Debug;
		};
		A558CCCE280062D900F47912 /* Release */ = {
			isa = XCBuildConfiguration;
			buildSettings = {
				ASSETCATALOG_COMPILER_APPICON_NAME = AppIcon;
				ASSETCATALOG_COMPILER_GLOBAL_ACCENT_COLOR_NAME = AccentColor;
				CODE_SIGN_STYLE = Automatic;
				CURRENT_PROJECT_VERSION = 1;
				DEVELOPMENT_TEAM = 3N29W8N95Z;
				GENERATE_INFOPLIST_FILE = YES;
				INFOPLIST_FILE = coincat/Info.plist;
				INFOPLIST_KEY_CFBundleDisplayName = CoinCat;
				INFOPLIST_KEY_UIApplicationSupportsIndirectInputEvents = YES;
				INFOPLIST_KEY_UILaunchStoryboardName = LaunchScreen;
				INFOPLIST_KEY_UISupportedInterfaceOrientations = UIInterfaceOrientationPortrait;
				INFOPLIST_KEY_UISupportedInterfaceOrientations_iPad = "UIInterfaceOrientationPortrait UIInterfaceOrientationPortraitUpsideDown UIInterfaceOrientationLandscapeLeft UIInterfaceOrientationLandscapeRight";
				INFOPLIST_KEY_UISupportedInterfaceOrientations_iPhone = "UIInterfaceOrientationPortrait UIInterfaceOrientationLandscapeLeft UIInterfaceOrientationLandscapeRight";
				LD_RUNPATH_SEARCH_PATHS = (
					"$(inherited)",
					"@executable_path/Frameworks",
				);
				MARKETING_VERSION = 1.0;
				PRODUCT_BUNDLE_IDENTIFIER = douglasbiagigrana.coincat;
				PRODUCT_NAME = "$(TARGET_NAME)";
				SWIFT_EMIT_LOC_STRINGS = YES;
				SWIFT_VERSION = 5.0;
				TARGETED_DEVICE_FAMILY = 1;
			};
			name = Release;
		};
/* End XCBuildConfiguration section */

/* Begin XCConfigurationList section */
		A558CCB3280062D700F47912 /* Build configuration list for PBXProject "coincat" */ = {
			isa = XCConfigurationList;
			buildConfigurations = (
				A558CCCA280062D900F47912 /* Debug */,
				A558CCCB280062D900F47912 /* Release */,
			);
			defaultConfigurationIsVisible = 0;
			defaultConfigurationName = Release;
		};
		A558CCCC280062D900F47912 /* Build configuration list for PBXNativeTarget "coincat" */ = {
			isa = XCConfigurationList;
			buildConfigurations = (
				A558CCCD280062D900F47912 /* Debug */,
				A558CCCE280062D900F47912 /* Release */,
			);
			defaultConfigurationIsVisible = 0;
			defaultConfigurationName = Release;
		};
/* End XCConfigurationList section */
	};
	rootObject = A558CCB0280062D700F47912 /* Project object */;
}
